# This file is automatically @generated by Cargo.
# It is not intended for manual editing.
version = 3

[[package]]
name = "blink-interrupt"
version = "0.1.0"
dependencies = [
 "msp430",
 "msp430-periph",
 "msp430-rt",
 "panic-msp430",
]

[[package]]
name = "critical-section"
version = "1.1.1"
source = "registry+https://github.com/rust-lang/crates.io-index"
checksum = "6548a0ad5d2549e111e1f6a11a6c2e2d00ce6a3dafe22948d67c2b443f775e52"

[[package]]
name = "msp430"
version = "0.4.1"
source = "registry+https://github.com/rust-lang/crates.io-index"
checksum = "01a1f453b2c9a9d6a979971cb1d10406046cd5a8ccca3772c08a5b0adc4e3e1d"
dependencies = [
 "critical-section",
]

[[package]]
name = "msp430-periph"
version = "0.0.4"
dependencies = [
 "msp430-rt",
 "peripherals",
]

[[package]]
name = "msp430-rt"
version = "0.4.0"
source = "registry+https://github.com/rust-lang/crates.io-index"
checksum = "1cc30f2ba29ff74917c683ceb0aec99b033e88b00cee40b7cbe50a15d888c03e"
dependencies = [
 "msp430",
 "msp430-rt-macros",
]

[[package]]
name = "msp430-rt-macros"
version = "0.4.0"
source = "registry+https://github.com/rust-lang/crates.io-index"
checksum = "37d2b9559b880515bc8078e017bf49bb0dae911814b67963d629e7e0cc5f58db"
dependencies = [
 "proc-macro2",
 "quote",
 "rand",
 "rand_xoshiro",
 "syn",
]

[[package]]
name = "panic-msp430"
version = "0.4.0"
source = "registry+https://github.com/rust-lang/crates.io-index"
checksum = "844d31aa4e573c848b5ced61fac451272658085c39e6032932cfdbc9593f3c97"
dependencies = [
 "msp430",
]

[[package]]
name = "paste"
version = "1.0.12"
source = "registry+https://github.com/rust-lang/crates.io-index"
checksum = "9f746c4065a8fa3fe23974dd82f15431cc8d40779821001404d10d2e79ca7d79"

[[package]]
name = "peripherals"
version = "0.1.1"
source = "registry+https://github.com/rust-lang/crates.io-index"
checksum = "219f5767aba82b2c0e02ea8cad0b13365ac745d582b56208ee27e72c954d105e"
dependencies = [
 "paste",
]

[[package]]
name = "proc-macro2"
version = "1.0.51"
source = "registry+https://github.com/rust-lang/crates.io-index"
checksum = "5d727cae5b39d21da60fa540906919ad737832fe0b1c165da3a34d6548c849d6"
dependencies = [
 "unicode-ident",
]

[[package]]
name = "quote"
version = "1.0.23"
source = "registry+https://github.com/rust-lang/crates.io-index"
checksum = "8856d8364d252a14d474036ea1358d63c9e6965c8e5c1885c18f73d70bff9c7b"
dependencies = [
 "proc-macro2",
]

[[package]]
name = "rand"
version = "0.8.5"
source = "registry+https://github.com/rust-lang/crates.io-index"
checksum = "34af8d1a0e25924bc5b7c43c079c942339d8f0a8b57c39049bef581b46327404"
dependencies = [
 "rand_core",
]

[[package]]
name = "rand_core"
version = "0.6.4"
source = "registry+https://github.com/rust-lang/crates.io-index"
checksum = "ec0be4795e2f6a28069bec0b5ff3e2ac9bafc99e6a9a7dc3547996c5c816922c"

[[package]]
name = "rand_xoshiro"
version = "0.6.0"
source = "registry+https://github.com/rust-lang/crates.io-index"
checksum = "6f97cdb2a36ed4183de61b2f824cc45c9f1037f28afe0a322e9fff4c108b5aaa"
dependencies = [
 "rand_core",
]

[[package]]
name = "syn"
version = "1.0.109"
source = "registry+https://github.com/rust-lang/crates.io-index"
checksum = "72b64191b275b66ffe2469e8af2c1cfe3bafa67b529ead792a6d0160888b4237"
dependencies = [
 "proc-macro2",
 "quote",
 "unicode-ident",
]

[[package]]
name = "unicode-ident"
version = "1.0.8"
source = "registry+https://github.com/rust-lang/crates.io-index"
checksum = "e5464a87b239f13a63a501f2701565754bae92d243d4bb7eb12f6d57d2269bf4"
