# This file is automatically @generated by Cargo.
# It is not intended for manual editing.
version = 3

[[package]]
name = "blink"
version = "0.1.0"
dependencies = [
 "msp430-periph",
]

[[package]]
name = "msp430-periph"
version = "0.0.2"
dependencies = [
 "peripherals",
]

[[package]]
name = "paste"
version = "1.0.5"
source = "registry+https://github.com/rust-lang/crates.io-index"
checksum = "acbf547ad0c65e31259204bd90935776d1c693cec2f4ff7abb7a1bbbd40dfe58"

[[package]]
name = "peripherals"
version = "0.0.3"
source = "registry+https://github.com/rust-lang/crates.io-index"
checksum = "82e27badd13c515267b422de5853f1c9ef4b583a435e02119d3350f2c3e5a2af"
dependencies = [
 "paste",
]
