# This file is automatically @generated by Cargo.
# It is not intended for manual editing.
version = 3

[[package]]
name = "blink-raw"
version = "0.1.0"
dependencies = [
 "msp430-periph",
]

[[package]]
name = "msp430-periph"
version = "0.0.4"
dependencies = [
 "peripherals",
]

[[package]]
name = "paste"
version = "1.0.12"
source = "registry+https://github.com/rust-lang/crates.io-index"
checksum = "9f746c4065a8fa3fe23974dd82f15431cc8d40779821001404d10d2e79ca7d79"

[[package]]
name = "peripherals"
version = "0.1.1"
source = "registry+https://github.com/rust-lang/crates.io-index"
checksum = "219f5767aba82b2c0e02ea8cad0b13365ac745d582b56208ee27e72c954d105e"
dependencies = [
 "paste",
]
