# This file is automatically @generated by Cargo.
# It is not intended for manual editing.
version = 3

[[package]]
name = "blink"
version = "0.1.0"
dependencies = [
 "msp430-periph",
]

[[package]]
name = "msp430-periph"
version = "0.0.1"
source = "registry+https://github.com/rust-lang/crates.io-index"
checksum = "32c92cc762c4112e49711d3130251f481dbf6e1dd6f539304abd8d6d3c8d7ca9"
dependencies = [
 "peripherals",
]

[[package]]
name = "paste"
version = "1.0.5"
source = "registry+https://github.com/rust-lang/crates.io-index"
checksum = "acbf547ad0c65e31259204bd90935776d1c693cec2f4ff7abb7a1bbbd40dfe58"

[[package]]
name = "peripherals"
version = "0.0.2"
source = "registry+https://github.com/rust-lang/crates.io-index"
checksum = "ba4cb330a12fed835c5d353166932c9bc0d8ffcba767b03e955f02b7d615d000"
dependencies = [
 "paste",
]
